# Code generated by scarb DO NOT EDIT.
version = 1

[[package]]
name = "openzeppelin"
version = "0.10.0"
source = "git+https://github.com/OpenZeppelin/cairo-contracts?branch=release-v0.10.0#671ee9c2aa567b52f684765a54ff1f243bad3ef4"

[[package]]
name = "oz_erc20"
version = "0.1.0"
dependencies = [
 "openzeppelin",
]
