# Code generated by scarb DO NOT EDIT.
version = 1

[[package]]
name = "openzeppelin"
version = "0.8.1"
source = "git+https://github.com/NethermindEth/oz-cairo-contracts?branch=Dom%2Fevents#d0a1b4c5883eba97c7d47429a64f1bf013f5ce02"

[[package]]
name = "oz_erc20"
version = "0.1.0"
dependencies = [
 "openzeppelin",
]
